<?xml version="1.0" encoding="utf-8"?>
<Project ToolsVersion="4.0" xmlns="http://schemas.microsoft.com/developer/msbuild/2003">
  <ItemGroup>
    <Filter Include="Исходные файлы">
      <UniqueIdentifier>{4FC737F1-C7A5-4376-A066-2A32D752A2FF}</UniqueIdentifier>
      <Extensions>cpp;c;cc;cxx;c++;cppm;ixx;def;odl;idl;hpj;bat;asm;asmx</Extensions>
    </Filter>
    <Filter Include="Файлы заголовков">
      <UniqueIdentifier>{93995380-89BD-4b04-88EB-625FBE52EBFB}</UniqueIdentifier>
      <Extensions>h;hh;hpp;hxx;h++;hm;inl;inc;ipp;xsd</Extensions>
    </Filter>
    <Filter Include="Файлы ресурсов">
      <UniqueIdentifier>{67DA6AB6-F800-4c08-8B7A-83BB121AAD01}</UniqueIdentifier>
      <Extensions>rc;ico;cur;bmp;dlg;rc2;rct;bin;rgs;gif;jpg;jpeg;jpe;resx;tiff;tif;png;wav;mfcribbon-ms</Extensions>
    </Filter>
    <Filter Include="Logger">
      <UniqueIdentifier>{34cafdf6-4717-4bcd-b5e5-c89d8364f6bd}</UniqueIdentifier>
    </Filter>
  </ItemGroup>
  <ItemGroup>
    <ClCompile Include="Main.cpp">
      <Filter>Исходные файлы</Filter>
    </ClCompile>
    <ClCompile Include="Game\Components\Player\Player.cpp">
      <Filter>Исходные файлы</Filter>
    </ClCompile>
    <ClCompile Include="Game\Components\Field\Field.cpp">
      <Filter>Исходные файлы</Filter>
    </ClCompile>
    <ClCompile Include="Settings\FieldMenu\FieldSettings.cpp">
      <Filter>Исходные файлы</Filter>
    </ClCompile>
    <ClCompile Include="Game\Components\InputListener\InputListener.cpp">
      <Filter>Исходные файлы</Filter>
    </ClCompile>
    <ClCompile Include="Game\Components\Logic\Logic.cpp">
      <Filter>Исходные файлы</Filter>
    </ClCompile>
    <ClCompile Include="Game\Components\Field\Cell\Cell.cpp">
      <Filter>Исходные файлы</Filter>
    </ClCompile>
    <ClCompile Include="Game\Components\Field\FieldView.cpp">
      <Filter>Исходные файлы</Filter>
    </ClCompile>
    <ClCompile Include="Game\Components\Field\Cell\CellView.cpp">
      <Filter>Исходные файлы</Filter>
    </ClCompile>
    <ClCompile Include="Game\Game.cpp">
      <Filter>Исходные файлы</Filter>
    </ClCompile>
    <ClCompile Include="Game\Components\Factory\PlayerEvent\PlayerEvent.cpp">
      <Filter>Исходные файлы</Filter>
    </ClCompile>
    <ClCompile Include="Game\Components\Factory\GameEvent\GameEvent.cpp">
      <Filter>Исходные файлы</Filter>
    </ClCompile>
    <ClCompile Include="Game\Components\Events\DamageEvent\DamageEvent.cpp">
      <Filter>Исходные файлы</Filter>
    </ClCompile>
    <ClCompile Include="Game\Components\Events\KeyEvent\KeyEvent.cpp">
      <Filter>Исходные файлы</Filter>
    </ClCompile>
    <ClCompile Include="Game\Components\Events\SpaceEvent\SpaceEvent.cpp">
      <Filter>Исходные файлы</Filter>
    </ClCompile>
    <ClCompile Include="Game\Components\Events\WinEvent\WinEvent.cpp">
      <Filter>Исходные файлы</Filter>
    </ClCompile>
    <ClCompile Include="Game\Components\Events\LoseEvent\LoseEvent.cpp">
      <Filter>Исходные файлы</Filter>
    </ClCompile>
    <ClCompile Include="Game\Components\Events\HealEvent\HealEvent.cpp">
      <Filter>Исходные файлы</Filter>
    </ClCompile>
    <ClCompile Include="Game\Components\Window\GameEndWindow\WinWindow.cpp">
      <Filter>Исходные файлы</Filter>
    </ClCompile>
    <ClCompile Include="Game\Components\Window\GameEndWindow\LoseWindow.cpp">
      <Filter>Исходные файлы</Filter>
    </ClCompile>
    <ClCompile Include="Game\Components\Controller\Controller.cpp">
      <Filter>Исходные файлы</Filter>
    </ClCompile>
    <ClCompile Include="Game\Components\Mediator\CommandMediator.cpp">
      <Filter>Исходные файлы</Filter>
    </ClCompile>
    <ClCompile Include="Game\Components\Mediator\BaseComponent.cpp">
      <Filter>Исходные файлы</Filter>
    </ClCompile>
    <ClCompile Include="Game\Components\LevelRunner\LevelRunner.cpp">
      <Filter>Исходные файлы</Filter>
    </ClCompile>
    <ClCompile Include="Game\Components\Factory\FieldEvent\FieldEvent.cpp">
      <Filter>Исходные файлы</Filter>
    </ClCompile>
    <ClCompile Include="Game\Components\Logger\LogLevels\ErrLevel.cpp">
      <Filter>Logger</Filter>
    </ClCompile>
    <ClCompile Include="Game\Components\Logger\LogLevels\GameLevel.cpp">
      <Filter>Logger</Filter>
    </ClCompile>
    <ClCompile Include="Game\Components\Logger\LogLevels\InfoLevel.cpp">
      <Filter>Logger</Filter>
    </ClCompile>
    <ClCompile Include="Game\Components\Logger\Messages\ErrMessage.cpp">
      <Filter>Logger</Filter>
    </ClCompile>
    <ClCompile Include="Game\Components\Logger\Messages\GameMessage.cpp">
      <Filter>Logger</Filter>
    </ClCompile>
    <ClCompile Include="Game\Components\Logger\Messages\InfoMessage.cpp">
      <Filter>Logger</Filter>
    </ClCompile>
    <ClCompile Include="Game\Components\Logger\ConsoleLog.cpp">
      <Filter>Logger</Filter>
    </ClCompile>
    <ClCompile Include="Game\Components\Logger\FileLog.cpp">
      <Filter>Logger</Filter>
    </ClCompile>
    <ClCompile Include="Game\Components\Logger\LogObserver\LogObserver.cpp">
      <Filter>Logger</Filter>
    </ClCompile>
    <ClCompile Include="Settings\LogMenu\LogMenu.cpp">
      <Filter>Исходные файлы</Filter>
    </ClCompile>
    <ClCompile Include="Menu\Menu.cpp">
      <Filter>Исходные файлы</Filter>
    </ClCompile>
    <ClCompile Include="Settings\Settings.cpp">
      <Filter>Исходные файлы</Filter>
    </ClCompile>
  </ItemGroup>
  <ItemGroup>
    <ClInclude Include="Game\Components\Player\Player.h">
      <Filter>Файлы заголовков</Filter>
    </ClInclude>
    <ClInclude Include="Game\Components\Field\Field.h">
      <Filter>Файлы заголовков</Filter>
    </ClInclude>
    <ClInclude Include="Settings\FieldMenu\FieldSettings.h">
      <Filter>Файлы заголовков</Filter>
    </ClInclude>
    <ClInclude Include="Game\Components\InputListener\InputListener.h">
      <Filter>Файлы заголовков</Filter>
    </ClInclude>
    <ClInclude Include="Game\Components\Logic\Logic.h">
      <Filter>Файлы заголовков</Filter>
    </ClInclude>
    <ClInclude Include="Game\Components\Field\Cell\Cell.h">
      <Filter>Файлы заголовков</Filter>
    </ClInclude>
    <ClInclude Include="Game\Components\Field\FieldView.h">
      <Filter>Файлы заголовков</Filter>
    </ClInclude>
    <ClInclude Include="Game\Components\Field\Cell\CellView.h">
      <Filter>Файлы заголовков</Filter>
    </ClInclude>
    <ClInclude Include="Game\Components\Events\Event.h">
      <Filter>Файлы заголовков</Filter>
    </ClInclude>
    <ClInclude Include="Game\Mytypes.h">
      <Filter>Файлы заголовков</Filter>
    </ClInclude>
    <ClInclude Include="Game\Game.h">
      <Filter>Файлы заголовков</Filter>
    </ClInclude>
    <ClInclude Include="Game\Components\Factory\PlayerEvent\PlayerEvent.h">
      <Filter>Файлы заголовков</Filter>
    </ClInclude>
    <ClInclude Include="Game\Components\Factory\GameEvent\GameEvent.h">
      <Filter>Файлы заголовков</Filter>
    </ClInclude>
    <ClInclude Include="Game\Components\Events\DamageEvent\DamageEvent.h">
      <Filter>Файлы заголовков</Filter>
    </ClInclude>
    <ClInclude Include="Game\Components\Events\KeyEvent\KeyEvent.h">
      <Filter>Файлы заголовков</Filter>
    </ClInclude>
    <ClInclude Include="Game\Components\Events\SpaceEvent\SpaceEvent.h">
      <Filter>Файлы заголовков</Filter>
    </ClInclude>
    <ClInclude Include="Game\Components\Events\WinEvent\WinEvent.h">
      <Filter>Файлы заголовков</Filter>
    </ClInclude>
    <ClInclude Include="Game\Components\Events\LoseEvent\LoseEvent.h">
      <Filter>Файлы заголовков</Filter>
    </ClInclude>
    <ClInclude Include="Game\Components\Events\HealEvent\HealEvent.h">
      <Filter>Файлы заголовков</Filter>
    </ClInclude>
    <ClInclude Include="Game\Components\Window\GameEndWindow\WinWindow.h">
      <Filter>Файлы заголовков</Filter>
    </ClInclude>
    <ClInclude Include="Game\Components\Window\GameEndWindow\LoseWindow.h">
      <Filter>Файлы заголовков</Filter>
    </ClInclude>
    <ClInclude Include="Game\Components\Controller\Controller.h">
      <Filter>Файлы заголовков</Filter>
    </ClInclude>
    <ClInclude Include="Game\Components\Mediator\Mediator.h">
      <Filter>Файлы заголовков</Filter>
    </ClInclude>
    <ClInclude Include="Game\Components\Mediator\CommandMediator.h">
      <Filter>Файлы заголовков</Filter>
    </ClInclude>
    <ClInclude Include="Game\Components\Mediator\BaseComponent.h">
      <Filter>Файлы заголовков</Filter>
    </ClInclude>
    <ClInclude Include="Game\Components\Observer\IObserver.h">
      <Filter>Файлы заголовков</Filter>
    </ClInclude>
    <ClInclude Include="Game\Components\Observer\ISubject.h">
      <Filter>Файлы заголовков</Filter>
    </ClInclude>
    <ClInclude Include="Game\Components\LevelRunner\LevelRunner.h">
      <Filter>Файлы заголовков</Filter>
    </ClInclude>
    <ClInclude Include="Game\Components\Factory\AbstractEventFactory.h">
      <Filter>Файлы заголовков</Filter>
    </ClInclude>
    <ClInclude Include="Game\Components\Factory\FieldEvent\FieldEvent.h">
      <Filter>Файлы заголовков</Filter>
    </ClInclude>
    <ClInclude Include="Game\Components\Window\Window.h">
      <Filter>Файлы заголовков</Filter>
    </ClInclude>
    <ClInclude Include="Game\Components\Logger\LogLevels\ErrLevel.h">
      <Filter>Logger</Filter>
    </ClInclude>
    <ClInclude Include="Game\Components\Logger\LogLevels\InfoLevel.h">
      <Filter>Logger</Filter>
    </ClInclude>
    <ClInclude Include="Game\Components\Logger\Logger.h">
      <Filter>Logger</Filter>
    </ClInclude>
    <ClInclude Include="Game\Components\Logger\LogLevels\GameLevel.h">
      <Filter>Logger</Filter>
    </ClInclude>
    <ClInclude Include="Game\Components\Logger\LogLevels\LogLevel.h">
      <Filter>Logger</Filter>
    </ClInclude>
    <ClInclude Include="Game\Components\Logger\Messages\IMessage.h">
      <Filter>Logger</Filter>
    </ClInclude>
    <ClInclude Include="Game\Components\Logger\Messages\ErrMessage.h">
      <Filter>Logger</Filter>
    </ClInclude>
    <ClInclude Include="Game\Components\Logger\Messages\GameMessage.h">
      <Filter>Logger</Filter>
    </ClInclude>
    <ClInclude Include="Game\Components\Logger\Messages\InfoMessage.h">
      <Filter>Logger</Filter>
    </ClInclude>
    <ClInclude Include="Game\Components\Logger\ConsoleLog.h">
      <Filter>Logger</Filter>
    </ClInclude>
    <ClInclude Include="Game\Components\Logger\FileLog.h">
      <Filter>Logger</Filter>
    </ClInclude>
    <ClInclude Include="Game\Components\Logger\LogObserver\LogObserver.h">
      <Filter>Logger</Filter>
    </ClInclude>
    <ClInclude Include="Game\Components\Logger\LogObserver\ILogObserver.h">
      <Filter>Logger</Filter>
    </ClInclude>
    <ClInclude Include="Game\Components\Logger\LogObserver\ILogSubject.h">
      <Filter>Logger</Filter>
    </ClInclude>
    <ClInclude Include="Settings\LogMenu\LogMenu.h">
      <Filter>Файлы заголовков</Filter>
    </ClInclude>
    <ClInclude Include="Menu\Menu.h">
      <Filter>Файлы заголовков</Filter>
    </ClInclude>
    <ClInclude Include="Settings\Settings.h">
      <Filter>Файлы заголовков</Filter>
    </ClInclude>
  </ItemGroup>
</Project>